{
  "name": "pre-rentrega-1-masett-js",
  "version": "1.0.0",
  "lockfileVersion": 2,
  "requires": true,
  "packages": {
    "": {
      "name": "pre-rentrega-1-masett-js",
      "version": "1.0.0",
      "license": "ISC",
      "dependencies": {
        "arg.js": "^1.1.7"
      },
      "devDependencies": {}
    },
    "node_modules/arg.js": {
      "version": "1.1.7",
      "resolved": "https://registry.npmjs.org/arg.js/-/arg.js-1.1.7.tgz",
      "integrity": "sha512-yYSvLDTk+HUACsvvfD46eMb+CUPEijVcRgBHEgGGoCHaZ+AHrfNLh0m6XqsY1ldkDYHmbex6b2txeLjRv7Ovvw==",
      "dependencies": {
        "google-libphonenumber": "^2.0.19"
      },
      "engines": {
        "node": ">=10"
      }
    },
    "node_modules/google-libphonenumber": {
      "version": "2.0.19",
      "resolved": "https://registry.npmjs.org/google-libphonenumber/-/google-libphonenumber-2.0.19.tgz",
      "integrity": "sha512-kwtbruT+eyiof081cxT1tltMTxgTOq3CQhUoEYBROC+vNf+COPqzfKJtVnDvgXQe4SzfbnAYkP8KoSpbJBIlSg==",
      "engines": {
        "node": ">=0.10"
      }
    }
  },
  "dependencies": {
    "arg.js": {
      "version": "1.1.7",
      "resolved": "https://registry.npmjs.org/arg.js/-/arg.js-1.1.7.tgz",
      "integrity": "sha512-yYSvLDTk+HUACsvvfD46eMb+CUPEijVcRgBHEgGGoCHaZ+AHrfNLh0m6XqsY1ldkDYHmbex6b2txeLjRv7Ovvw==",
      "requires": {
        "google-libphonenumber": "^2.0.19"
      }
    },
    "google-libphonenumber": {
      "version": "2.0.19",
      "resolved": "https://registry.npmjs.org/google-libphonenumber/-/google-libphonenumber-2.0.19.tgz",
      "integrity": "sha512-kwtbruT+eyiof081cxT1tltMTxgTOq3CQhUoEYBROC+vNf+COPqzfKJtVnDvgXQe4SzfbnAYkP8KoSpbJBIlSg=="
    }
  }
}
